
Microsoft Visual Studio Solution File, Format Version 12.00
# Visual Studio Version 16
VisualStudioVersion = 16.0.32228.343
MinimumVisualStudioVersion = 10.0.40219.1
Project("{FAE04EC0-301F-11D3-BF4B-00C04F79EFBC}") = "Consola", "Consola\Consola.csproj", "{AFD2F18D-A075-4473-8DF6-BD6A8B7EF95A}"
EndProject
Project("{FAE04EC0-301F-11D3-BF4B-00C04F79EFBC}") = "Web", "Web\Web.csproj", "{7E8804F7-58BE-4E24-A96D-EBA4F2053D0F}"
EndProject
Global
	GlobalSection(SolutionConfigurationPlatforms) = preSolution
		Debug|Any CPU = Debug|Any CPU
		Release|Any CPU = Release|Any CPU
	EndGlobalSection
	GlobalSection(ProjectConfigurationPlatforms) = postSolution
		{AFD2F18D-A075-4473-8DF6-BD6A8B7EF95A}.Debug|Any CPU.ActiveCfg = Debug|Any CPU
		{AFD2F18D-A075-4473-8DF6-BD6A8B7EF95A}.Debug|Any CPU.Build.0 = Debug|Any CPU
		{AFD2F18D-A075-4473-8DF6-BD6A8B7EF95A}.Release|Any CPU.ActiveCfg = Release|Any CPU
		{AFD2F18D-A075-4473-8DF6-BD6A8B7EF95A}.Release|Any CPU.Build.0 = Release|Any CPU
		{7E8804F7-58BE-4E24-A96D-EBA4F2053D0F}.Debug|Any CPU.ActiveCfg = Debug|Any CPU
		{7E8804F7-58BE-4E24-A96D-EBA4F2053D0F}.Debug|Any CPU.Build.0 = Debug|Any CPU
		{7E8804F7-58BE-4E24-A96D-EBA4F2053D0F}.Release|Any CPU.ActiveCfg = Release|Any CPU
		{7E8804F7-58BE-4E24-A96D-EBA4F2053D0F}.Release|Any CPU.Build.0 = Release|Any CPU
	EndGlobalSection
	GlobalSection(SolutionProperties) = preSolution
		HideSolutionNode = FALSE
	EndGlobalSection
	GlobalSection(ExtensibilityGlobals) = postSolution
		SolutionGuid = {B2C0C6E0-534F-4EBE-A61F-829C834230CE}
	EndGlobalSection
EndGlobal
